
Microsoft Visual Studio Solution File, Format Version 12.00
# Visual Studio Version 17
VisualStudioVersion = 17.5.33516.290
MinimumVisualStudioVersion = 10.0.40219.1
Project("{9A19103F-16F7-4668-BE54-9A1E7A4F7556}") = "5_Calculator", "5_Calculator.csproj", "{A23B4CC9-57E0-4976-91A2-E3870C531C69}"
EndProject
Global
	GlobalSection(SolutionConfigurationPlatforms) = preSolution
		Debug|Any CPU = Debug|Any CPU
		Release|Any CPU = Release|Any CPU
	EndGlobalSection
	GlobalSection(ProjectConfigurationPlatforms) = postSolution
		{A23B4CC9-57E0-4976-91A2-E3870C531C69}.Debug|Any CPU.ActiveCfg = Debug|Any CPU
		{A23B4CC9-57E0-4976-91A2-E3870C531C69}.Debug|Any CPU.Build.0 = Debug|Any CPU
		{A23B4CC9-57E0-4976-91A2-E3870C531C69}.Release|Any CPU.ActiveCfg = Release|Any CPU
		{A23B4CC9-57E0-4976-91A2-E3870C531C69}.Release|Any CPU.Build.0 = Release|Any CPU
	EndGlobalSection
	GlobalSection(SolutionProperties) = preSolution
		HideSolutionNode = FALSE
	EndGlobalSection
	GlobalSection(ExtensibilityGlobals) = postSolution
		SolutionGuid = {94DCBA9C-F6F2-43E5-877A-575E7C274C24}
	EndGlobalSection
EndGlobal
